
Microsoft Visual Studio Solution File, Format Version 12.00
# Visual Studio Version 17
VisualStudioVersion = 17.3.32804.467
MinimumVisualStudioVersion = 10.0.40219.1
Project("{FAE04EC0-301F-11D3-BF4B-00C04F79EFBC}") = "Batch1-DET-2022", "Batch1-DET-2022\Batch1-DET-2022.csproj", "{D55047A3-5C99-45FD-B60C-FB5BD3A16B6C}"
EndProject
Global
	GlobalSection(SolutionConfigurationPlatforms) = preSolution
		Debug|Any CPU = Debug|Any CPU
		Release|Any CPU = Release|Any CPU
	EndGlobalSection
	GlobalSection(ProjectConfigurationPlatforms) = postSolution
		{D55047A3-5C99-45FD-B60C-FB5BD3A16B6C}.Debug|Any CPU.ActiveCfg = Debug|Any CPU
		{D55047A3-5C99-45FD-B60C-FB5BD3A16B6C}.Debug|Any CPU.Build.0 = Debug|Any CPU
		{D55047A3-5C99-45FD-B60C-FB5BD3A16B6C}.Release|Any CPU.ActiveCfg = Release|Any CPU
		{D55047A3-5C99-45FD-B60C-FB5BD3A16B6C}.Release|Any CPU.Build.0 = Release|Any CPU
	EndGlobalSection
	GlobalSection(SolutionProperties) = preSolution
		HideSolutionNode = FALSE
	EndGlobalSection
	GlobalSection(ExtensibilityGlobals) = postSolution
		SolutionGuid = {1CF1A7C6-CDF9-4280-9057-C867F627EDAC}
	EndGlobalSection
EndGlobal
